
Microsoft Visual Studio Solution File, Format Version 12.00
# Visual Studio Version 17
VisualStudioVersion = 17.9.34723.18
MinimumVisualStudioVersion = 10.0.40219.1
Project("{FAE04EC0-301F-11D3-BF4B-00C04F79EFBC}") = "TesteLogica01", "TesteLogica01\TesteLogica01.csproj", "{451A0DB7-F31F-487E-AF1E-F16387E73681}"
EndProject
Global
	GlobalSection(SolutionConfigurationPlatforms) = preSolution
		Debug|Any CPU = Debug|Any CPU
		Release|Any CPU = Release|Any CPU
	EndGlobalSection
	GlobalSection(ProjectConfigurationPlatforms) = postSolution
		{451A0DB7-F31F-487E-AF1E-F16387E73681}.Debug|Any CPU.ActiveCfg = Debug|Any CPU
		{451A0DB7-F31F-487E-AF1E-F16387E73681}.Debug|Any CPU.Build.0 = Debug|Any CPU
		{451A0DB7-F31F-487E-AF1E-F16387E73681}.Release|Any CPU.ActiveCfg = Release|Any CPU
		{451A0DB7-F31F-487E-AF1E-F16387E73681}.Release|Any CPU.Build.0 = Release|Any CPU
	EndGlobalSection
	GlobalSection(SolutionProperties) = preSolution
		HideSolutionNode = FALSE
	EndGlobalSection
	GlobalSection(ExtensibilityGlobals) = postSolution
		SolutionGuid = {558BE643-B83A-4A61-A195-3DCE0E8ECCDB}
	EndGlobalSection
EndGlobal
