
Microsoft Visual Studio Solution File, Format Version 12.00
# Visual Studio Version 17
VisualStudioVersion = 17.9.34723.18
MinimumVisualStudioVersion = 10.0.40219.1
Project("{FAE04EC0-301F-11D3-BF4B-00C04F79EFBC}") = "Vetores", "Vetores\Vetores.csproj", "{6268F79C-20D1-4A5D-9D4B-0C41060F566E}"
EndProject
Global
	GlobalSection(SolutionConfigurationPlatforms) = preSolution
		Debug|Any CPU = Debug|Any CPU
		Release|Any CPU = Release|Any CPU
	EndGlobalSection
	GlobalSection(ProjectConfigurationPlatforms) = postSolution
		{6268F79C-20D1-4A5D-9D4B-0C41060F566E}.Debug|Any CPU.ActiveCfg = Debug|Any CPU
		{6268F79C-20D1-4A5D-9D4B-0C41060F566E}.Debug|Any CPU.Build.0 = Debug|Any CPU
		{6268F79C-20D1-4A5D-9D4B-0C41060F566E}.Release|Any CPU.ActiveCfg = Release|Any CPU
		{6268F79C-20D1-4A5D-9D4B-0C41060F566E}.Release|Any CPU.Build.0 = Release|Any CPU
	EndGlobalSection
	GlobalSection(SolutionProperties) = preSolution
		HideSolutionNode = FALSE
	EndGlobalSection
	GlobalSection(ExtensibilityGlobals) = postSolution
		SolutionGuid = {059E062A-C2F8-4722-AD60-C13C3AA4CF08}
	EndGlobalSection
EndGlobal
