
Microsoft Visual Studio Solution File, Format Version 12.00
# Visual Studio Version 17
VisualStudioVersion = 17.9.34723.18
MinimumVisualStudioVersion = 10.0.40219.1
Project("{FAE04EC0-301F-11D3-BF4B-00C04F79EFBC}") = "ExerciciosFor", "ExerciciosFor\ExerciciosFor.csproj", "{76A98AFC-800C-440C-BD2A-9A2728CCECBE}"
EndProject
Global
	GlobalSection(SolutionConfigurationPlatforms) = preSolution
		Debug|Any CPU = Debug|Any CPU
		Release|Any CPU = Release|Any CPU
	EndGlobalSection
	GlobalSection(ProjectConfigurationPlatforms) = postSolution
		{76A98AFC-800C-440C-BD2A-9A2728CCECBE}.Debug|Any CPU.ActiveCfg = Debug|Any CPU
		{76A98AFC-800C-440C-BD2A-9A2728CCECBE}.Debug|Any CPU.Build.0 = Debug|Any CPU
		{76A98AFC-800C-440C-BD2A-9A2728CCECBE}.Release|Any CPU.ActiveCfg = Release|Any CPU
		{76A98AFC-800C-440C-BD2A-9A2728CCECBE}.Release|Any CPU.Build.0 = Release|Any CPU
	EndGlobalSection
	GlobalSection(SolutionProperties) = preSolution
		HideSolutionNode = FALSE
	EndGlobalSection
	GlobalSection(ExtensibilityGlobals) = postSolution
		SolutionGuid = {A3686829-7C82-451A-A138-46488E3C17A2}
	EndGlobalSection
EndGlobal
